
Microsoft Visual Studio Solution File, Format Version 12.00
# Visual Studio Version 17
VisualStudioVersion = 17.14.36511.14 d17.14
MinimumVisualStudioVersion = 10.0.40219.1
Project("{8BC9CEB8-8B4A-11D0-8D11-00A0C91BC942}") = "task01", "task01\task01.vcxproj", "{65D68123-1D43-429E-930F-FA1CEA510153}"
EndProject
Global
	GlobalSection(SolutionConfigurationPlatforms) = preSolution
		Debug|x64 = Debug|x64
		Debug|x86 = Debug|x86
		Release|x64 = Release|x64
		Release|x86 = Release|x86
	EndGlobalSection
	GlobalSection(ProjectConfigurationPlatforms) = postSolution
		{65D68123-1D43-429E-930F-FA1CEA510153}.Debug|x64.ActiveCfg = Debug|x64
		{65D68123-1D43-429E-930F-FA1CEA510153}.Debug|x64.Build.0 = Debug|x64
		{65D68123-1D43-429E-930F-FA1CEA510153}.Debug|x86.ActiveCfg = Debug|Win32
		{65D68123-1D43-429E-930F-FA1CEA510153}.Debug|x86.Build.0 = Debug|Win32
		{65D68123-1D43-429E-930F-FA1CEA510153}.Release|x64.ActiveCfg = Release|x64
		{65D68123-1D43-429E-930F-FA1CEA510153}.Release|x64.Build.0 = Release|x64
		{65D68123-1D43-429E-930F-FA1CEA510153}.Release|x86.ActiveCfg = Release|Win32
		{65D68123-1D43-429E-930F-FA1CEA510153}.Release|x86.Build.0 = Release|Win32
	EndGlobalSection
	GlobalSection(SolutionProperties) = preSolution
		HideSolutionNode = FALSE
	EndGlobalSection
	GlobalSection(ExtensibilityGlobals) = postSolution
		SolutionGuid = {F8922B88-CE84-4B73-8797-D397DE3C4E72}
	EndGlobalSection
EndGlobal
